
Microsoft Visual Studio Solution File, Format Version 12.00
# Visual Studio 15
VisualStudioVersion = 15.0.27004.2009
MinimumVisualStudioVersion = 10.0.40219.1
Project("{FAE04EC0-301F-11D3-BF4B-00C04F79EFBC}") = "3dModeling", "3dModeling\3dModeling.csproj", "{FD53605D-66C4-465D-A3A5-030CF237DAFB}"
EndProject
Global
	GlobalSection(SolutionConfigurationPlatforms) = preSolution
		Debug|Any CPU = Debug|Any CPU
		Release|Any CPU = Release|Any CPU
	EndGlobalSection
	GlobalSection(ProjectConfigurationPlatforms) = postSolution
		{FD53605D-66C4-465D-A3A5-030CF237DAFB}.Debug|Any CPU.ActiveCfg = Debug|Any CPU
		{FD53605D-66C4-465D-A3A5-030CF237DAFB}.Debug|Any CPU.Build.0 = Debug|Any CPU
		{FD53605D-66C4-465D-A3A5-030CF237DAFB}.Release|Any CPU.ActiveCfg = Release|Any CPU
		{FD53605D-66C4-465D-A3A5-030CF237DAFB}.Release|Any CPU.Build.0 = Release|Any CPU
	EndGlobalSection
	GlobalSection(SolutionProperties) = preSolution
		HideSolutionNode = FALSE
	EndGlobalSection
	GlobalSection(ExtensibilityGlobals) = postSolution
		SolutionGuid = {498BC5BB-F584-438D-8349-173BA1589D71}
	EndGlobalSection
EndGlobal
